# This file was autogenerated by Stack.
# You should not edit this file by hand.
# For more information, please see the documentation at:
#   https://docs.haskellstack.org/en/stable/lock_files

packages:
- completed:
    hackage: elf-0.30@sha256:c43915ff7a88500e728655d7f3a27e4016cffd824fa8b996c4cc35600dd8279f,1375
    pantry-tree:
      size: 703
      sha256: e091de0fb7c57fba3c2c47fb5505884ab8c2fdaa3f3a7c32b628a5dddd8453af
  original:
    hackage: elf-0.30
snapshots:
- completed:
    size: 524789
    url: https://raw.githubusercontent.com/commercialhaskell/stackage-snapshots/master/lts/14/18.yaml
    sha256: 646be71223e08234131c6989912e6011e01b9767bc447b6d466a35e14360bdf2
  original: lts-14.18
