# This file was autogenerated by Stack.
# You should not edit this file by hand.
# For more information, please see the documentation at:
#   https://docs.haskellstack.org/en/stable/lock_files

packages:
- completed:
    hackage: elf-0.29@sha256:24f8b6e1cd56e9a6a766ac8e453f2856f9ed9bfee5769a3e42fa723c599f5cfd,1344
    pantry-tree:
      size: 649
      sha256: f4018b587215eee969282b874350ad105324eba19dc30116b99409270685115a
  original:
    hackage: elf-0.29
snapshots:
- completed:
    size: 524799
    url: https://raw.githubusercontent.com/commercialhaskell/stackage-snapshots/master/lts/14/17.yaml
    sha256: 1d72b33c0fc048e23f4f18fd76a6ad79dd1d8a3c054644098a71a09855e40c7c
  original: lts-14.17
